
Microsoft Visual Studio Solution File, Format Version 12.00
# Visual Studio Version 17
VisualStudioVersion = 17.0.31903.59
MinimumVisualStudioVersion = 10.0.40219.1
Project("{9A19103F-16F7-4668-BE54-9A1E7A4F7556}") = "IM.CLI", "InventoryManagementApp\IM.CLI.csproj", "{14DFF306-F23B-4CC7-AA56-E99FC1A4CCCB}"
EndProject
Project("{9A19103F-16F7-4668-BE54-9A1E7A4F7556}") = "IM.Library", "IM.Library\IM.Library.csproj", "{97C3C262-D8A4-40B6-827F-CDCF67CECA15}"
EndProject
Project("{9A19103F-16F7-4668-BE54-9A1E7A4F7556}") = "IM.MAUI", "IM.MAUI\IM.MAUI.csproj", "{AD88103D-45E2-400D-9BF7-5822216D1934}"
EndProject
Global
	GlobalSection(SolutionConfigurationPlatforms) = preSolution
		Debug|Any CPU = Debug|Any CPU
		Release|Any CPU = Release|Any CPU
	EndGlobalSection
	GlobalSection(ProjectConfigurationPlatforms) = postSolution
		{14DFF306-F23B-4CC7-AA56-E99FC1A4CCCB}.Debug|Any CPU.ActiveCfg = Debug|Any CPU
		{14DFF306-F23B-4CC7-AA56-E99FC1A4CCCB}.Debug|Any CPU.Build.0 = Debug|Any CPU
		{14DFF306-F23B-4CC7-AA56-E99FC1A4CCCB}.Release|Any CPU.ActiveCfg = Release|Any CPU
		{14DFF306-F23B-4CC7-AA56-E99FC1A4CCCB}.Release|Any CPU.Build.0 = Release|Any CPU
		{97C3C262-D8A4-40B6-827F-CDCF67CECA15}.Debug|Any CPU.ActiveCfg = Debug|Any CPU
		{97C3C262-D8A4-40B6-827F-CDCF67CECA15}.Debug|Any CPU.Build.0 = Debug|Any CPU
		{97C3C262-D8A4-40B6-827F-CDCF67CECA15}.Release|Any CPU.ActiveCfg = Release|Any CPU
		{97C3C262-D8A4-40B6-827F-CDCF67CECA15}.Release|Any CPU.Build.0 = Release|Any CPU
		{AD88103D-45E2-400D-9BF7-5822216D1934}.Debug|Any CPU.ActiveCfg = Debug|Any CPU
		{AD88103D-45E2-400D-9BF7-5822216D1934}.Debug|Any CPU.Build.0 = Debug|Any CPU
		{AD88103D-45E2-400D-9BF7-5822216D1934}.Debug|Any CPU.Deploy.0 = Debug|Any CPU
		{AD88103D-45E2-400D-9BF7-5822216D1934}.Release|Any CPU.ActiveCfg = Release|Any CPU
		{AD88103D-45E2-400D-9BF7-5822216D1934}.Release|Any CPU.Build.0 = Release|Any CPU
		{AD88103D-45E2-400D-9BF7-5822216D1934}.Release|Any CPU.Deploy.0 = Release|Any CPU
	EndGlobalSection
	GlobalSection(SolutionProperties) = preSolution
		HideSolutionNode = FALSE
	EndGlobalSection
	GlobalSection(ExtensibilityGlobals) = postSolution
		SolutionGuid = {88796BC3-4ABD-430E-A0CD-33E7D8881252}
	EndGlobalSection
EndGlobal
